// !$*UTF8*$!
{
	archiveVersion = 1;
	classes = {
	};
	objectVersion = 55;
	objects = {

/* Begin PBXBuildFile section */
		D10BF9AD28C00DF400D9A453 /* AppDelegate.swift in Sources */ = {isa = PBXBuildFile; fileRef = D10BF9AC28C00DF400D9A453 /* AppDelegate.swift */; };
		D10BF9AF28C00DF400D9A453 /* SceneDelegate.swift in Sources */ = {isa = PBXBuildFile; fileRef = D10BF9AE28C00DF400D9A453 /* SceneDelegate.swift */; };
		D10BF9B128C00DF400D9A453 /* ViewController.swift in Sources */ = {isa = PBXBuildFile; fileRef = D10BF9B028C00DF400D9A453 /* ViewController.swift */; };
		D10BF9B428C00DF400D9A453 /* Main.storyboard in Resources */ = {isa = PBXBuildFile; fileRef = D10BF9B228C00DF400D9A453 /* Main.storyboard */; };
		D10BF9B628C00DF600D9A453 /* Assets.xcassets in Resources */ = {isa = PBXBuildFile; fileRef = D10BF9B528C00DF600D9A453 /* Assets.xcassets */; };
		D10BF9B928C00DF600D9A453 /* LaunchScreen.storyboard in Resources */ = {isa = PBXBuildFile; fileRef = D10BF9B728C00DF600D9A453 /* LaunchScreen.storyboard */; };
		D10BF9C428C00DF600D9A453 /* spmTests.swift in Sources */ = {isa = PBXBuildFile; fileRef = D10BF9C328C00DF600D9A453 /* spmTests.swift */; };
		D10BF9CE28C00DF600D9A453 /* spmUITests.swift in Sources */ = {isa = PBXBuildFile; fileRef = D10BF9CD28C00DF600D9A453 /* spmUITests.swift */; };
		D10BF9D028C00DF600D9A453 /* spmUITestsLaunchTests.swift in Sources */ = {isa = PBXBuildFile; fileRef = D10BF9CF28C00DF600D9A453 /* spmUITestsLaunchTests.swift */; };
/* End PBXBuildFile section */

/* Begin PBXContainerItemProxy section */
		D10BF9C028C00DF600D9A453 /* PBXContainerItemProxy */ = {
			isa = PBXContainerItemProxy;
			containerPortal = D10BF9A128C00DF400D9A453 /* Project object */;
			proxyType = 1;
			remoteGlobalIDString = D10BF9A828C00DF400D9A453;
			remoteInfo = spm;
		};
		D10BF9CA28C00DF600D9A453 /* PBXContainerItemProxy */ = {
			isa = PBXContainerItemProxy;
			containerPortal = D10BF9A128C00DF400D9A453 /* Project object */;
			proxyType = 1;
			remoteGlobalIDString = D10BF9A828C00DF400D9A453;
			remoteInfo = spm;
		};
/* End PBXContainerItemProxy section */

/* Begin PBXFileReference section */
		D10BF9A928C00DF400D9A453 /* spm.app */ = {isa = PBXFileReference; explicitFileType = wrapper.application; includeInIndex = 0; path = spm.app; sourceTree = BUILT_PRODUCTS_DIR; };
		D10BF9AC28C00DF400D9A453 /* AppDelegate.swift */ = {isa = PBXFileReference; lastKnownFileType = sourcecode.swift; path = AppDelegate.swift; sourceTree = "<group>"; };
		D10BF9AE28C00DF400D9A453 /* SceneDelegate.swift */ = {isa = PBXFileReference; lastKnownFileType = sourcecode.swift; path = SceneDelegate.swift; sourceTree = "<group>"; };
		D10BF9B028C00DF400D9A453 /* ViewController.swift */ = {isa = PBXFileReference; lastKnownFileType = sourcecode.swift; path = ViewController.swift; sourceTree = "<group>"; };
		D10BF9B328C00DF400D9A453 /* Base */ = {isa = PBXFileReference; lastKnownFileType = file.storyboard; name = Base; path = Base.lproj/Main.storyboard; sourceTree = "<group>"; };
		D10BF9B528C00DF600D9A453 /* Assets.xcassets */ = {isa = PBXFileReference; lastKnownFileType = folder.assetcatalog; path = Assets.xcassets; sourceTree = "<group>"; };
		D10BF9B828C00DF600D9A453 /* Base */ = {isa = PBXFileReference; lastKnownFileType = file.storyboard; name = Base; path = Base.lproj/LaunchScreen.storyboard; sourceTree = "<group>"; };
		D10BF9BA28C00DF600D9A453 /* Info.plist */ = {isa = PBXFileReference; lastKnownFileType = text.plist.xml; path = Info.plist; sourceTree = "<group>"; };
		D10BF9BF28C00DF600D9A453 /* spmTests.xctest */ = {isa = PBXFileReference; explicitFileType = wrapper.cfbundle; includeInIndex = 0; path = spmTests.xctest; sourceTree = BUILT_PRODUCTS_DIR; };
		D10BF9C328C00DF600D9A453 /* spmTests.swift */ = {isa = PBXFileReference; lastKnownFileType = sourcecode.swift; path = spmTests.swift; sourceTree = "<group>"; };
		D10BF9C928C00DF600D9A453 /* spmUITests.xctest */ = {isa = PBXFileReference; explicitFileType = wrapper.cfbundle; includeInIndex = 0; path = spmUITests.xctest; sourceTree = BUILT_PRODUCTS_DIR; };
		D10BF9CD28C00DF600D9A453 /* spmUITests.swift */ = {isa = PBXFileReference; lastKnownFileType = sourcecode.swift; path = spmUITests.swift; sourceTree = "<group>"; };
		D10BF9CF28C00DF600D9A453 /* spmUITestsLaunchTests.swift */ = {isa = PBXFileReference; lastKnownFileType = sourcecode.swift; path = spmUITestsLaunchTests.swift; sourceTree = "<group>"; };
/* End PBXFileReference section */

/* Begin PBXFrameworksBuildPhase section */
		D10BF9A628C00DF400D9A453 /* Frameworks */ = {
			isa = PBXFrameworksBuildPhase;
			buildActionMask = 2147483647;
			files = (
			);
			runOnlyForDeploymentPostprocessing = 0;
		};
		D10BF9BC28C00DF600D9A453 /* Frameworks */ = {
			isa = PBXFrameworksBuildPhase;
			buildActionMask = 2147483647;
			files = (
			);
			runOnlyForDeploymentPostprocessing = 0;
		};
		D10BF9C628C00DF600D9A453 /* Frameworks */ = {
			isa = PBXFrameworksBuildPhase;
			buildActionMask = 2147483647;
			files = (
			);
			runOnlyForDeploymentPostprocessing = 0;
		};
/* End PBXFrameworksBuildPhase section */

/* Begin PBXGroup section */
		D10BF9A028C00DF400D9A453 = {
			isa = PBXGroup;
			children = (
				D10BF9AB28C00DF400D9A453 /* spm */,
				D10BF9C228C00DF600D9A453 /* spmTests */,
				D10BF9CC28C00DF600D9A453 /* spmUITests */,
				D10BF9AA28C00DF400D9A453 /* Products */,
			);
			sourceTree = "<group>";
		};
		D10BF9AA28C00DF400D9A453 /* Products */ = {
			isa = PBXGroup;
			children = (
				D10BF9A928C00DF400D9A453 /* spm.app */,
				D10BF9BF28C00DF600D9A453 /* spmTests.xctest */,
				D10BF9C928C00DF600D9A453 /* spmUITests.xctest */,
			);
			name = Products;
			sourceTree = "<group>";
		};
		D10BF9AB28C00DF400D9A453 /* spm */ = {
			isa = PBXGroup;
			children = (
				D10BF9AC28C00DF400D9A453 /* AppDelegate.swift */,
				D10BF9AE28C00DF400D9A453 /* SceneDelegate.swift */,
				D10BF9B028C00DF400D9A453 /* ViewController.swift */,
				D10BF9B228C00DF400D9A453 /* Main.storyboard */,
				D10BF9B528C00DF600D9A453 /* Assets.xcassets */,
				D10BF9B728C00DF600D9A453 /* LaunchScreen.storyboard */,
				D10BF9BA28C00DF600D9A453 /* Info.plist */,
			);
			path = spm;
			sourceTree = "<group>";
		};
		D10BF9C228C00DF600D9A453 /* spmTests */ = {
			isa = PBXGroup;
			children = (
				D10BF9C328C00DF600D9A453 /* spmTests.swift */,
			);
			path = spmTests;
			sourceTree = "<group>";
		};
		D10BF9CC28C00DF600D9A453 /* spmUITests */ = {
			isa = PBXGroup;
			children = (
				D10BF9CD28C00DF600D9A453 /* spmUITests.swift */,
				D10BF9CF28C00DF600D9A453 /* spmUITestsLaunchTests.swift */,
			);
			path = spmUITests;
			sourceTree = "<group>";
		};
/* End PBXGroup section */

/* Begin PBXNativeTarget section */
		D10BF9A828C00DF400D9A453 /* spm */ = {
			isa = PBXNativeTarget;
			buildConfigurationList = D10BF9D328C00DF600D9A453 /* Build configuration list for PBXNativeTarget "spm" */;
			buildPhases = (
				D10BF9A528C00DF400D9A453 /* Sources */,
				D10BF9A628C00DF400D9A453 /* Frameworks */,
				D10BF9A728C00DF400D9A453 /* Resources */,
			);
			buildRules = (
			);
			dependencies = (
			);
			name = spm;
			productName = spm;
			productReference = D10BF9A928C00DF400D9A453 /* spm.app */;
			productType = "com.apple.product-type.application";
		};
		D10BF9BE28C00DF600D9A453 /* spmTests */ = {
			isa = PBXNativeTarget;
			buildConfigurationList = D10BF9D628C00DF600D9A453 /* Build configuration list for PBXNativeTarget "spmTests" */;
			buildPhases = (
				D10BF9BB28C00DF600D9A453 /* Sources */,
				D10BF9BC28C00DF600D9A453 /* Frameworks */,
				D10BF9BD28C00DF600D9A453 /* Resources */,
			);
			buildRules = (
			);
			dependencies = (
				D10BF9C128C00DF600D9A453 /* PBXTargetDependency */,
			);
			name = spmTests;
			productName = spmTests;
			productReference = D10BF9BF28C00DF600D9A453 /* spmTests.xctest */;
			productType = "com.apple.product-type.bundle.unit-test";
		};
		D10BF9C828C00DF600D9A453 /* spmUITests */ = {
			isa = PBXNativeTarget;
			buildConfigurationList = D10BF9D928C00DF600D9A453 /* Build configuration list for PBXNativeTarget "spmUITests" */;
			buildPhases = (
				D10BF9C528C00DF600D9A453 /* Sources */,
				D10BF9C628C00DF600D9A453 /* Frameworks */,
				D10BF9C728C00DF600D9A453 /* Resources */,
			);
			buildRules = (
			);
			dependencies = (
				D10BF9CB28C00DF600D9A453 /* PBXTargetDependency */,
			);
			name = spmUITests;
			productName = spmUITests;
			productReference = D10BF9C928C00DF600D9A453 /* spmUITests.xctest */;
			productType = "com.apple.product-type.bundle.ui-testing";
		};
/* End PBXNativeTarget section */

/* Begin PBXProject section */
		D10BF9A128C00DF400D9A453 /* Project object */ = {
			isa = PBXProject;
			attributes = {
				BuildIndependentTargetsInParallel = 1;
				LastSwiftUpdateCheck = 1340;
				LastUpgradeCheck = 1340;
				TargetAttributes = {
					D10BF9A828C00DF400D9A453 = {
						CreatedOnToolsVersion = 13.4.1;
					};
					D10BF9BE28C00DF600D9A453 = {
						CreatedOnToolsVersion = 13.4.1;
						TestTargetID = D10BF9A828C00DF400D9A453;
					};
					D10BF9C828C00DF600D9A453 = {
						CreatedOnToolsVersion = 13.4.1;
						TestTargetID = D10BF9A828C00DF400D9A453;
					};
				};
			};
			buildConfigurationList = D10BF9A428C00DF400D9A453 /* Build configuration list for PBXProject "spm" */;
			compatibilityVersion = "Xcode 13.0";
			developmentRegion = en;
			hasScannedForEncodings = 0;
			knownRegions = (
				en,
				Base,
			);
			mainGroup = D10BF9A028C00DF400D9A453;
			productRefGroup = D10BF9AA28C00DF400D9A453 /* Products */;
			projectDirPath = "";
			projectRoot = "";
			targets = (
				D10BF9A828C00DF400D9A453 /* spm */,
				D10BF9BE28C00DF600D9A453 /* spmTests */,
				D10BF9C828C00DF600D9A453 /* spmUITests */,
			);
		};
/* End PBXProject section */

/* Begin PBXResourcesBuildPhase section */
		D10BF9A728C00DF400D9A453 /* Resources */ = {
			isa = PBXResourcesBuildPhase;
			buildActionMask = 2147483647;
			files = (
				D10BF9B928C00DF600D9A453 /* LaunchScreen.storyboard in Resources */,
				D10BF9B628C00DF600D9A453 /* Assets.xcassets in Resources */,
				D10BF9B428C00DF400D9A453 /* Main.storyboard in Resources */,
			);
			runOnlyForDeploymentPostprocessing = 0;
		};
		D10BF9BD28C00DF600D9A453 /* Resources */ = {
			isa = PBXResourcesBuildPhase;
			buildActionMask = 2147483647;
			files = (
			);
			runOnlyForDeploymentPostprocessing = 0;
		};
		D10BF9C728C00DF600D9A453 /* Resources */ = {
			isa = PBXResourcesBuildPhase;
			buildActionMask = 2147483647;
			files = (
			);
			runOnlyForDeploymentPostprocessing = 0;
		};
/* End PBXResourcesBuildPhase section */

/* Begin PBXSourcesBuildPhase section */
		D10BF9A528C00DF400D9A453 /* Sources */ = {
			isa = PBXSourcesBuildPhase;
			buildActionMask = 2147483647;
			files = (
				D10BF9B128C00DF400D9A453 /* ViewController.swift in Sources */,
				D10BF9AD28C00DF400D9A453 /* AppDelegate.swift in Sources */,
				D10BF9AF28C00DF400D9A453 /* SceneDelegate.swift in Sources */,
			);
			runOnlyForDeploymentPostprocessing = 0;
		};
		D10BF9BB28C00DF600D9A453 /* Sources */ = {
			isa = PBXSourcesBuildPhase;
			buildActionMask = 2147483647;
			files = (
				D10BF9C428C00DF600D9A453 /* spmTests.swift in Sources */,
			);
			runOnlyForDeploymentPostprocessing = 0;
		};
		D10BF9C528C00DF600D9A453 /* Sources */ = {
			isa = PBXSourcesBuildPhase;
			buildActionMask = 2147483647;
			files = (
				D10BF9CE28C00DF600D9A453 /* spmUITests.swift in Sources */,
				D10BF9D028C00DF600D9A453 /* spmUITestsLaunchTests.swift in Sources */,
			);
			runOnlyForDeploymentPostprocessing = 0;
		};
/* End PBXSourcesBuildPhase section */

/* Begin PBXTargetDependency section */
		D10BF9C128C00DF600D9A453 /* PBXTargetDependency */ = {
			isa = PBXTargetDependency;
			target = D10BF9A828C00DF400D9A453 /* spm */;
			targetProxy = D10BF9C028C00DF600D9A453 /* PBXContainerItemProxy */;
		};
		D10BF9CB28C00DF600D9A453 /* PBXTargetDependency */ = {
			isa = PBXTargetDependency;
			target = D10BF9A828C00DF400D9A453 /* spm */;
			targetProxy = D10BF9CA28C00DF600D9A453 /* PBXContainerItemProxy */;
		};
/* End PBXTargetDependency section */

/* Begin PBXVariantGroup section */
		D10BF9B228C00DF400D9A453 /* Main.storyboard */ = {
			isa = PBXVariantGroup;
			children = (
				D10BF9B328C00DF400D9A453 /* Base */,
			);
			name = Main.storyboard;
			sourceTree = "<group>";
		};
		D10BF9B728C00DF600D9A453 /* LaunchScreen.storyboard */ = {
			isa = PBXVariantGroup;
			children = (
				D10BF9B828C00DF600D9A453 /* Base */,
			);
			name = LaunchScreen.storyboard;
			sourceTree = "<group>";
		};
/* End PBXVariantGroup section */

/* Begin XCBuildConfiguration section */
		D10BF9D128C00DF600D9A453 /* Debug */ = {
			isa = XCBuildConfiguration;
			buildSettings = {
				ALWAYS_SEARCH_USER_PATHS = NO;
				CLANG_ANALYZER_NONNULL = YES;
				CLANG_ANALYZER_NUMBER_OBJECT_CONVERSION = YES_AGGRESSIVE;
				CLANG_CXX_LANGUAGE_STANDARD = "gnu++17";
				CLANG_ENABLE_MODULES = YES;
				CLANG_ENABLE_OBJC_ARC = YES;
				CLANG_ENABLE_OBJC_WEAK = YES;
				CLANG_WARN_BLOCK_CAPTURE_AUTORELEASING = YES;
				CLANG_WARN_BOOL_CONVERSION = YES;
				CLANG_WARN_COMMA = YES;
				CLANG_WARN_CONSTANT_CONVERSION = YES;
				CLANG_WARN_DEPRECATED_OBJC_IMPLEMENTATIONS = YES;
				CLANG_WARN_DIRECT_OBJC_ISA_USAGE = YES_ERROR;
				CLANG_WARN_DOCUMENTATION_COMMENTS = YES;
				CLANG_WARN_EMPTY_BODY = YES;
				CLANG_WARN_ENUM_CONVERSION = YES;
				CLANG_WARN_INFINITE_RECURSION = YES;
				CLANG_WARN_INT_CONVERSION = YES;
				CLANG_WARN_NON_LITERAL_NULL_CONVERSION = YES;
				CLANG_WARN_OBJC_IMPLICIT_RETAIN_SELF = YES;
				CLANG_WARN_OBJC_LITERAL_CONVERSION = YES;
				CLANG_WARN_OBJC_ROOT_CLASS = YES_ERROR;
				CLANG_WARN_QUOTED_INCLUDE_IN_FRAMEWORK_HEADER = YES;
				CLANG_WARN_RANGE_LOOP_ANALYSIS = YES;
				CLANG_WARN_STRICT_PROTOTYPES = YES;
				CLANG_WARN_SUSPICIOUS_MOVE = YES;
				CLANG_WARN_UNGUARDED_AVAILABILITY = YES_AGGRESSIVE;
				CLANG_WARN_UNREACHABLE_CODE = YES;
				CLANG_WARN__DUPLICATE_METHOD_MATCH = YES;
				COPY_PHASE_STRIP = NO;
				DEBUG_INFORMATION_FORMAT = dwarf;
				ENABLE_STRICT_OBJC_MSGSEND = YES;
				ENABLE_TESTABILITY = YES;
				GCC_C_LANGUAGE_STANDARD = gnu11;
				GCC_DYNAMIC_NO_PIC = NO;
				GCC_NO_COMMON_BLOCKS = YES;
				GCC_OPTIMIZATION_LEVEL = 0;
				GCC_PREPROCESSOR_DEFINITIONS = (
					"DEBUG=1",
					"$(inherited)",
				);
				GCC_WARN_64_TO_32_BIT_CONVERSION = YES;
				GCC_WARN_ABOUT_RETURN_TYPE = YES_ERROR;
				GCC_WARN_UNDECLARED_SELECTOR = YES;
				GCC_WARN_UNINITIALIZED_AUTOS = YES_AGGRESSIVE;
				GCC_WARN_UNUSED_FUNCTION = YES;
				GCC_WARN_UNUSED_VARIABLE = YES;
				IPHONEOS_DEPLOYMENT_TARGET = 15.5;
				MTL_ENABLE_DEBUG_INFO = INCLUDE_SOURCE;
				MTL_FAST_MATH = YES;
				ONLY_ACTIVE_ARCH = YES;
				SDKROOT = iphoneos;
				SWIFT_ACTIVE_COMPILATION_CONDITIONS = DEBUG;
				SWIFT_OPTIMIZATION_LEVEL = "-Onone";
			};
			name = Debug;
		};
		D10BF9D228C00DF600D9A453 /* Release */ = {
			isa = XCBuildConfiguration;
			buildSettings = {
				ALWAYS_SEARCH_USER_PATHS = NO;
				CLANG_ANALYZER_NONNULL = YES;
				CLANG_ANALYZER_NUMBER_OBJECT_CONVERSION = YES_AGGRESSIVE;
				CLANG_CXX_LANGUAGE_STANDARD = "gnu++17";
				CLANG_ENABLE_MODULES = YES;
				CLANG_ENABLE_OBJC_ARC = YES;
				CLANG_ENABLE_OBJC_WEAK = YES;
				CLANG_WARN_BLOCK_CAPTURE_AUTORELEASING = YES;
				CLANG_WARN_BOOL_CONVERSION = YES;
				CLANG_WARN_COMMA = YES;
				CLANG_WARN_CONSTANT_CONVERSION = YES;
				CLANG_WARN_DEPRECATED_OBJC_IMPLEMENTATIONS = YES;
				CLANG_WARN_DIRECT_OBJC_ISA_USAGE = YES_ERROR;
				CLANG_WARN_DOCUMENTATION_COMMENTS = YES;
				CLANG_WARN_EMPTY_BODY = YES;
				CLANG_WARN_ENUM_CONVERSION = YES;
				CLANG_WARN_INFINITE_RECURSION = YES;
				CLANG_WARN_INT_CONVERSION = YES;
				CLANG_WARN_NON_LITERAL_NULL_CONVERSION = YES;
				CLANG_WARN_OBJC_IMPLICIT_RETAIN_SELF = YES;
				CLANG_WARN_OBJC_LITERAL_CONVERSION = YES;
				CLANG_WARN_OBJC_ROOT_CLASS = YES_ERROR;
				CLANG_WARN_QUOTED_INCLUDE_IN_FRAMEWORK_HEADER = YES;
				CLANG_WARN_RANGE_LOOP_ANALYSIS = YES;
				CLANG_WARN_STRICT_PROTOTYPES = YES;
				CLANG_WARN_SUSPICIOUS_MOVE = YES;
				CLANG_WARN_UNGUARDED_AVAILABILITY = YES_AGGRESSIVE;
				CLANG_WARN_UNREACHABLE_CODE = YES;
				CLANG_WARN__DUPLICATE_METHOD_MATCH = YES;
				COPY_PHASE_STRIP = NO;
				DEBUG_INFORMATION_FORMAT = "dwarf-with-dsym";
				ENABLE_NS_ASSERTIONS = NO;
				ENABLE_STRICT_OBJC_MSGSEND = YES;
				GCC_C_LANGUAGE_STANDARD = gnu11;
				GCC_NO_COMMON_BLOCKS = YES;
				GCC_WARN_64_TO_32_BIT_CONVERSION = YES;
				GCC_WARN_ABOUT_RETURN_TYPE = YES_ERROR;
				GCC_WARN_UNDECLARED_SELECTOR = YES;
				GCC_WARN_UNINITIALIZED_AUTOS = YES_AGGRESSIVE;
				GCC_WARN_UNUSED_FUNCTION = YES;
				GCC_WARN_UNUSED_VARIABLE = YES;
				IPHONEOS_DEPLOYMENT_TARGET = 15.5;
				MTL_ENABLE_DEBUG_INFO = NO;
				MTL_FAST_MATH = YES;
				SDKROOT = iphoneos;
				SWIFT_COMPILATION_MODE = wholemodule;
				SWIFT_OPTIMIZATION_LEVEL = "-O";
				VALIDATE_PRODUCT = YES;
			};
			name = Release;
		};
		D10BF9D428C00DF600D9A453 /* Debug */ = {
			isa = XCBuildConfiguration;
			buildSettings = {
				ASSETCATALOG_COMPILER_APPICON_NAME = AppIcon;
				ASSETCATALOG_COMPILER_GLOBAL_ACCENT_COLOR_NAME = AccentColor;
				CODE_SIGN_STYLE = Automatic;
				CURRENT_PROJECT_VERSION = 1;
				DEVELOPMENT_TEAM = HGR29Z7Y7T;
				GENERATE_INFOPLIST_FILE = YES;
				INFOPLIST_FILE = spm/Info.plist;
				INFOPLIST_KEY_UIApplicationSupportsIndirectInputEvents = YES;
				INFOPLIST_KEY_UILaunchStoryboardName = LaunchScreen;
				INFOPLIST_KEY_UIMainStoryboardFile = Main;
				INFOPLIST_KEY_UISupportedInterfaceOrientations_iPad = "UIInterfaceOrientationPortrait UIInterfaceOrientationPortraitUpsideDown UIInterfaceOrientationLandscapeLeft UIInterfaceOrientationLandscapeRight";
				INFOPLIST_KEY_UISupportedInterfaceOrientations_iPhone = "UIInterfaceOrientationPortrait UIInterfaceOrientationLandscapeLeft UIInterfaceOrientationLandscapeRight";
				LD_RUNPATH_SEARCH_PATHS = (
					"$(inherited)",
					"@executable_path/Frameworks",
				);
				MARKETING_VERSION = 1.0;
				PRODUCT_BUNDLE_IDENTIFIER = app.furuya.chosu.spm;
				PRODUCT_NAME = "$(TARGET_NAME)";
				SWIFT_EMIT_LOC_STRINGS = YES;
				SWIFT_VERSION = 5.0;
				TARGETED_DEVICE_FAMILY = "1,2";
			};
			name = Debug;
		};
		D10BF9D528C00DF600D9A453 /* Release */ = {
			isa = XCBuildConfiguration;
			buildSettings = {
				ASSETCATALOG_COMPILER_APPICON_NAME = AppIcon;
				ASSETCATALOG_COMPILER_GLOBAL_ACCENT_COLOR_NAME = AccentColor;
				CODE_SIGN_STYLE = Automatic;
				CURRENT_PROJECT_VERSION = 1;
				DEVELOPMENT_TEAM = HGR29Z7Y7T;
				GENERATE_INFOPLIST_FILE = YES;
				INFOPLIST_FILE = spm/Info.plist;
				INFOPLIST_KEY_UIApplicationSupportsIndirectInputEvents = YES;
				INFOPLIST_KEY_UILaunchStoryboardName = LaunchScreen;
				INFOPLIST_KEY_UIMainStoryboardFile = Main;
				INFOPLIST_KEY_UISupportedInterfaceOrientations_iPad = "UIInterfaceOrientationPortrait UIInterfaceOrientationPortraitUpsideDown UIInterfaceOrientationLandscapeLeft UIInterfaceOrientationLandscapeRight";
				INFOPLIST_KEY_UISupportedInterfaceOrientations_iPhone = "UIInterfaceOrientationPortrait UIInterfaceOrientationLandscapeLeft UIInterfaceOrientationLandscapeRight";
				LD_RUNPATH_SEARCH_PATHS = (
					"$(inherited)",
					"@executable_path/Frameworks",
				);
				MARKETING_VERSION = 1.0;
				PRODUCT_BUNDLE_IDENTIFIER = app.furuya.chosu.spm;
				PRODUCT_NAME = "$(TARGET_NAME)";
				SWIFT_EMIT_LOC_STRINGS = YES;
				SWIFT_VERSION = 5.0;
				TARGETED_DEVICE_FAMILY = "1,2";
			};
			name = Release;
		};
		D10BF9D728C00DF600D9A453 /* Debug */ = {
			isa = XCBuildConfiguration;
			buildSettings = {
				ALWAYS_EMBED_SWIFT_STANDARD_LIBRARIES = YES;
				BUNDLE_LOADER = "$(TEST_HOST)";
				CODE_SIGN_STYLE = Automatic;
				CURRENT_PROJECT_VERSION = 1;
				DEVELOPMENT_TEAM = HGR29Z7Y7T;
				GENERATE_INFOPLIST_FILE = YES;
				IPHONEOS_DEPLOYMENT_TARGET = 15.5;
				MARKETING_VERSION = 1.0;
				PRODUCT_BUNDLE_IDENTIFIER = app.furuya.chosu.spmTests;
				PRODUCT_NAME = "$(TARGET_NAME)";
				SWIFT_EMIT_LOC_STRINGS = NO;
				SWIFT_VERSION = 5.0;
				TARGETED_DEVICE_FAMILY = "1,2";
				TEST_HOST = "$(BUILT_PRODUCTS_DIR)/spm.app/spm";
			};
			name = Debug;
		};
		D10BF9D828C00DF600D9A453 /* Release */ = {
			isa = XCBuildConfiguration;
			buildSettings = {
				ALWAYS_EMBED_SWIFT_STANDARD_LIBRARIES = YES;
				BUNDLE_LOADER = "$(TEST_HOST)";
				CODE_SIGN_STYLE = Automatic;
				CURRENT_PROJECT_VERSION = 1;
				DEVELOPMENT_TEAM = HGR29Z7Y7T;
				GENERATE_INFOPLIST_FILE = YES;
				IPHONEOS_DEPLOYMENT_TARGET = 15.5;
				MARKETING_VERSION = 1.0;
				PRODUCT_BUNDLE_IDENTIFIER = app.furuya.chosu.spmTests;
				PRODUCT_NAME = "$(TARGET_NAME)";
				SWIFT_EMIT_LOC_STRINGS = NO;
				SWIFT_VERSION = 5.0;
				TARGETED_DEVICE_FAMILY = "1,2";
				TEST_HOST = "$(BUILT_PRODUCTS_DIR)/spm.app/spm";
			};
			name = Release;
		};
		D10BF9DA28C00DF600D9A453 /* Debug */ = {
			isa = XCBuildConfiguration;
			buildSettings = {
				ALWAYS_EMBED_SWIFT_STANDARD_LIBRARIES = YES;
				CODE_SIGN_STYLE = Automatic;
				CURRENT_PROJECT_VERSION = 1;
				DEVELOPMENT_TEAM = HGR29Z7Y7T;
				GENERATE_INFOPLIST_FILE = YES;
				MARKETING_VERSION = 1.0;
				PRODUCT_BUNDLE_IDENTIFIER = app.furuya.chosu.spmUITests;
				PRODUCT_NAME = "$(TARGET_NAME)";
				SWIFT_EMIT_LOC_STRINGS = NO;
				SWIFT_VERSION = 5.0;
				TARGETED_DEVICE_FAMILY = "1,2";
				TEST_TARGET_NAME = spm;
			};
			name = Debug;
		};
		D10BF9DB28C00DF600D9A453 /* Release */ = {
			isa = XCBuildConfiguration;
			buildSettings = {
				ALWAYS_EMBED_SWIFT_STANDARD_LIBRARIES = YES;
				CODE_SIGN_STYLE = Automatic;
				CURRENT_PROJECT_VERSION = 1;
				DEVELOPMENT_TEAM = HGR29Z7Y7T;
				GENERATE_INFOPLIST_FILE = YES;
				MARKETING_VERSION = 1.0;
				PRODUCT_BUNDLE_IDENTIFIER = app.furuya.chosu.spmUITests;
				PRODUCT_NAME = "$(TARGET_NAME)";
				SWIFT_EMIT_LOC_STRINGS = NO;
				SWIFT_VERSION = 5.0;
				TARGETED_DEVICE_FAMILY = "1,2";
				TEST_TARGET_NAME = spm;
			};
			name = Release;
		};
/* End XCBuildConfiguration section */

/* Begin XCConfigurationList section */
		D10BF9A428C00DF400D9A453 /* Build configuration list for PBXProject "spm" */ = {
			isa = XCConfigurationList;
			buildConfigurations = (
				D10BF9D128C00DF600D9A453 /* Debug */,
				D10BF9D228C00DF600D9A453 /* Release */,
			);
			defaultConfigurationIsVisible = 0;
			defaultConfigurationName = Release;
		};
		D10BF9D328C00DF600D9A453 /* Build configuration list for PBXNativeTarget "spm" */ = {
			isa = XCConfigurationList;
			buildConfigurations = (
				D10BF9D428C00DF600D9A453 /* Debug */,
				D10BF9D528C00DF600D9A453 /* Release */,
			);
			defaultConfigurationIsVisible = 0;
			defaultConfigurationName = Release;
		};
		D10BF9D628C00DF600D9A453 /* Build configuration list for PBXNativeTarget "spmTests" */ = {
			isa = XCConfigurationList;
			buildConfigurations = (
				D10BF9D728C00DF600D9A453 /* Debug */,
				D10BF9D828C00DF600D9A453 /* Release */,
			);
			defaultConfigurationIsVisible = 0;
			defaultConfigurationName = Release;
		};
		D10BF9D928C00DF600D9A453 /* Build configuration list for PBXNativeTarget "spmUITests" */ = {
			isa = XCConfigurationList;
			buildConfigurations = (
				D10BF9DA28C00DF600D9A453 /* Debug */,
				D10BF9DB28C00DF600D9A453 /* Release */,
			);
			defaultConfigurationIsVisible = 0;
			defaultConfigurationName = Release;
		};
/* End XCConfigurationList section */
	};
	rootObject = D10BF9A128C00DF400D9A453 /* Project object */;
}
